
Microsoft Visual Studio Solution File, Format Version 12.00
# Visual Studio Version 17
VisualStudioVersion = 17.13.35931.197
MinimumVisualStudioVersion = 10.0.40219.1
Project("{FAE04EC0-301F-11D3-BF4B-00C04F79EFBC}") = "SyntaxWinApp01", "SyntaxWinApp01\SyntaxWinApp01.csproj", "{148008D4-D115-4BE8-9112-20D96653B8B0}"
EndProject
Project("{FAE04EC0-301F-11D3-BF4B-00C04F79EFBC}") = "WinControlsApp", "WinControlsApp\WinControlsApp.csproj", "{8ADA2EAA-884C-4842-A51B-D76759AA3409}"
EndProject
Global
	GlobalSection(SolutionConfigurationPlatforms) = preSolution
		Debug|Any CPU = Debug|Any CPU
		Release|Any CPU = Release|Any CPU
	EndGlobalSection
	GlobalSection(ProjectConfigurationPlatforms) = postSolution
		{148008D4-D115-4BE8-9112-20D96653B8B0}.Debug|Any CPU.ActiveCfg = Debug|Any CPU
		{148008D4-D115-4BE8-9112-20D96653B8B0}.Debug|Any CPU.Build.0 = Debug|Any CPU
		{148008D4-D115-4BE8-9112-20D96653B8B0}.Release|Any CPU.ActiveCfg = Release|Any CPU
		{148008D4-D115-4BE8-9112-20D96653B8B0}.Release|Any CPU.Build.0 = Release|Any CPU
		{8ADA2EAA-884C-4842-A51B-D76759AA3409}.Debug|Any CPU.ActiveCfg = Debug|Any CPU
		{8ADA2EAA-884C-4842-A51B-D76759AA3409}.Debug|Any CPU.Build.0 = Debug|Any CPU
		{8ADA2EAA-884C-4842-A51B-D76759AA3409}.Release|Any CPU.ActiveCfg = Release|Any CPU
		{8ADA2EAA-884C-4842-A51B-D76759AA3409}.Release|Any CPU.Build.0 = Release|Any CPU
	EndGlobalSection
	GlobalSection(SolutionProperties) = preSolution
		HideSolutionNode = FALSE
	EndGlobalSection
	GlobalSection(ExtensibilityGlobals) = postSolution
		SolutionGuid = {C33128C2-9244-482B-B1D5-66D8F095CB8B}
	EndGlobalSection
EndGlobal
