
Microsoft Visual Studio Solution File, Format Version 12.00
# Visual Studio Version 17
VisualStudioVersion = 17.13.35931.197
MinimumVisualStudioVersion = 10.0.40219.1
Project("{FAE04EC0-301F-11D3-BF4B-00C04F79EFBC}") = "SyntaxWinApp01", "SyntaxWinApp01\SyntaxWinApp01.csproj", "{7A4F4425-062C-4433-AE77-A567153CB25E}"
EndProject
Project("{FAE04EC0-301F-11D3-BF4B-00C04F79EFBC}") = "SyntaxWinApp02", "SyntaxWinApp02\SyntaxWinApp02.csproj", "{FA552C02-F397-4BAC-B5BA-6AD832C45B06}"
EndProject
Project("{FAE04EC0-301F-11D3-BF4B-00C04F79EFBC}") = "SyntaxWinApp03", "SyntaxWinApp03\SyntaxWinApp03.csproj", "{C2A69707-E5A9-4343-9797-51BF18DD8D4A}"
EndProject
Global
	GlobalSection(SolutionConfigurationPlatforms) = preSolution
		Debug|Any CPU = Debug|Any CPU
		Release|Any CPU = Release|Any CPU
	EndGlobalSection
	GlobalSection(ProjectConfigurationPlatforms) = postSolution
		{7A4F4425-062C-4433-AE77-A567153CB25E}.Debug|Any CPU.ActiveCfg = Debug|Any CPU
		{7A4F4425-062C-4433-AE77-A567153CB25E}.Debug|Any CPU.Build.0 = Debug|Any CPU
		{7A4F4425-062C-4433-AE77-A567153CB25E}.Release|Any CPU.ActiveCfg = Release|Any CPU
		{7A4F4425-062C-4433-AE77-A567153CB25E}.Release|Any CPU.Build.0 = Release|Any CPU
		{FA552C02-F397-4BAC-B5BA-6AD832C45B06}.Debug|Any CPU.ActiveCfg = Debug|Any CPU
		{FA552C02-F397-4BAC-B5BA-6AD832C45B06}.Debug|Any CPU.Build.0 = Debug|Any CPU
		{FA552C02-F397-4BAC-B5BA-6AD832C45B06}.Release|Any CPU.ActiveCfg = Release|Any CPU
		{FA552C02-F397-4BAC-B5BA-6AD832C45B06}.Release|Any CPU.Build.0 = Release|Any CPU
		{C2A69707-E5A9-4343-9797-51BF18DD8D4A}.Debug|Any CPU.ActiveCfg = Debug|Any CPU
		{C2A69707-E5A9-4343-9797-51BF18DD8D4A}.Debug|Any CPU.Build.0 = Debug|Any CPU
		{C2A69707-E5A9-4343-9797-51BF18DD8D4A}.Release|Any CPU.ActiveCfg = Release|Any CPU
		{C2A69707-E5A9-4343-9797-51BF18DD8D4A}.Release|Any CPU.Build.0 = Release|Any CPU
	EndGlobalSection
	GlobalSection(SolutionProperties) = preSolution
		HideSolutionNode = FALSE
	EndGlobalSection
	GlobalSection(ExtensibilityGlobals) = postSolution
		SolutionGuid = {1C243809-283E-4210-A6BD-8AABDBCB07E0}
	EndGlobalSection
EndGlobal
